// !$*UTF8*$!
{
	archiveVersion = 1;
	classes = {
	};
	objectVersion = 50;
	objects = {

/* Begin PBXBuildFile section */
		35393F8C24FA99BA0040922E /* ImageClassification.swift in Sources */ = {isa = PBXBuildFile; fileRef = 35393F8B24FA99BA0040922E /* ImageClassification.swift */; };
		35CBB7CA24F74ACB00BD0F14 /* AppDelegate.swift in Sources */ = {isa = PBXBuildFile; fileRef = 35CBB7C924F74ACB00BD0F14 /* AppDelegate.swift */; };
		35CBB7CC24F74ACB00BD0F14 /* SceneDelegate.swift in Sources */ = {isa = PBXBuildFile; fileRef = 35CBB7CB24F74ACB00BD0F14 /* SceneDelegate.swift */; };
		35CBB7CE24F74ACB00BD0F14 /* VideoViewController.swift in Sources */ = {isa = PBXBuildFile; fileRef = 35CBB7CD24F74ACB00BD0F14 /* VideoViewController.swift */; };
		35CBB7D324F74ACD00BD0F14 /* Assets.xcassets in Resources */ = {isa = PBXBuildFile; fileRef = 35CBB7D224F74ACD00BD0F14 /* Assets.xcassets */; };
		35CBB7D624F74ACD00BD0F14 /* LaunchScreen.storyboard in Resources */ = {isa = PBXBuildFile; fileRef = 35CBB7D424F74ACD00BD0F14 /* LaunchScreen.storyboard */; };
		35CBB7E124F7595100BD0F14 /* Main.storyboard in Resources */ = {isa = PBXBuildFile; fileRef = 35CBB7E024F7595100BD0F14 /* Main.storyboard */; };
		35CBB7E324F75D0300BD0F14 /* applause.mp3 in Resources */ = {isa = PBXBuildFile; fileRef = 35CBB7E224F75D0200BD0F14 /* applause.mp3 */; };
		35CBB7E524F75E8900BD0F14 /* MenuViewController.swift in Sources */ = {isa = PBXBuildFile; fileRef = 35CBB7E424F75E8900BD0F14 /* MenuViewController.swift */; };
		35CBB7E724F7605C00BD0F14 /* ladygaganba.mp4 in Resources */ = {isa = PBXBuildFile; fileRef = 35CBB7E624F7605200BD0F14 /* ladygaganba.mp4 */; };
		35CBB7E924F76B9D00BD0F14 /* Pixeboy.ttf in Resources */ = {isa = PBXBuildFile; fileRef = 35CBB7E824F76B9D00BD0F14 /* Pixeboy.ttf */; };
		35CBB7EB24F7D53C00BD0F14 /* PokemonList.swift in Sources */ = {isa = PBXBuildFile; fileRef = 35CBB7EA24F7D53C00BD0F14 /* PokemonList.swift */; };
		35CBB7ED24F7D59D00BD0F14 /* Pokemon.swift in Sources */ = {isa = PBXBuildFile; fileRef = 35CBB7EC24F7D59D00BD0F14 /* Pokemon.swift */; };
		35CBB7EF24F7DC3900BD0F14 /* RecognitionViewController.swift in Sources */ = {isa = PBXBuildFile; fileRef = 35CBB7EE24F7DC3900BD0F14 /* RecognitionViewController.swift */; };
		35CBB7F124F7F17700BD0F14 /* EggGroupList.swift in Sources */ = {isa = PBXBuildFile; fileRef = 35CBB7F024F7F17700BD0F14 /* EggGroupList.swift */; };
		35CBB7F324F7F1D600BD0F14 /* JSONResult.swift in Sources */ = {isa = PBXBuildFile; fileRef = 35CBB7F224F7F1D600BD0F14 /* JSONResult.swift */; };
		35CBB7F524F7F20000BD0F14 /* EggGroup.swift in Sources */ = {isa = PBXBuildFile; fileRef = 35CBB7F424F7F20000BD0F14 /* EggGroup.swift */; };
		35CBB7F724F7F2F600BD0F14 /* EggGroupBank.swift in Sources */ = {isa = PBXBuildFile; fileRef = 35CBB7F624F7F2F600BD0F14 /* EggGroupBank.swift */; };
		35CBB7FD24F861E000BD0F14 /* button.wav in Resources */ = {isa = PBXBuildFile; fileRef = 35CBB7FC24F861E000BD0F14 /* button.wav */; };
		C19785D524F7FA8C00589B5E /* PersonObjectClassifier 1 copy.mlmodel in Sources */ = {isa = PBXBuildFile; fileRef = C19785D424F7FA8C00589B5E /* PersonObjectClassifier 1 copy.mlmodel */; };
/* End PBXBuildFile section */

/* Begin PBXFileReference section */
		35393F8B24FA99BA0040922E /* ImageClassification.swift */ = {isa = PBXFileReference; lastKnownFileType = sourcecode.swift; path = ImageClassification.swift; sourceTree = "<group>"; };
		35CBB7C624F74ACB00BD0F14 /* Lady Gaga's Pokemon Championship.app */ = {isa = PBXFileReference; explicitFileType = wrapper.application; includeInIndex = 0; path = "Lady Gaga's Pokemon Championship.app"; sourceTree = BUILT_PRODUCTS_DIR; };
		35CBB7C924F74ACB00BD0F14 /* AppDelegate.swift */ = {isa = PBXFileReference; lastKnownFileType = sourcecode.swift; path = AppDelegate.swift; sourceTree = "<group>"; };
		35CBB7CB24F74ACB00BD0F14 /* SceneDelegate.swift */ = {isa = PBXFileReference; lastKnownFileType = sourcecode.swift; path = SceneDelegate.swift; sourceTree = "<group>"; };
		35CBB7CD24F74ACB00BD0F14 /* VideoViewController.swift */ = {isa = PBXFileReference; lastKnownFileType = sourcecode.swift; path = VideoViewController.swift; sourceTree = "<group>"; };
		35CBB7D224F74ACD00BD0F14 /* Assets.xcassets */ = {isa = PBXFileReference; lastKnownFileType = folder.assetcatalog; path = Assets.xcassets; sourceTree = "<group>"; };
		35CBB7D524F74ACD00BD0F14 /* Base */ = {isa = PBXFileReference; lastKnownFileType = file.storyboard; name = Base; path = Base.lproj/LaunchScreen.storyboard; sourceTree = "<group>"; };
		35CBB7D724F74ACD00BD0F14 /* Info.plist */ = {isa = PBXFileReference; lastKnownFileType = text.plist.xml; path = Info.plist; sourceTree = "<group>"; };
		35CBB7E024F7595100BD0F14 /* Main.storyboard */ = {isa = PBXFileReference; fileEncoding = 4; lastKnownFileType = file.storyboard; path = Main.storyboard; sourceTree = "<group>"; };
		35CBB7E224F75D0200BD0F14 /* applause.mp3 */ = {isa = PBXFileReference; lastKnownFileType = audio.mp3; path = applause.mp3; sourceTree = "<group>"; };
		35CBB7E424F75E8900BD0F14 /* MenuViewController.swift */ = {isa = PBXFileReference; lastKnownFileType = sourcecode.swift; path = MenuViewController.swift; sourceTree = "<group>"; };
		35CBB7E624F7605200BD0F14 /* ladygaganba.mp4 */ = {isa = PBXFileReference; lastKnownFileType = file; path = ladygaganba.mp4; sourceTree = "<group>"; };
		35CBB7E824F76B9D00BD0F14 /* Pixeboy.ttf */ = {isa = PBXFileReference; lastKnownFileType = file; path = Pixeboy.ttf; sourceTree = "<group>"; };
		35CBB7EA24F7D53C00BD0F14 /* PokemonList.swift */ = {isa = PBXFileReference; lastKnownFileType = sourcecode.swift; path = PokemonList.swift; sourceTree = "<group>"; };
		35CBB7EC24F7D59D00BD0F14 /* Pokemon.swift */ = {isa = PBXFileReference; lastKnownFileType = sourcecode.swift; path = Pokemon.swift; sourceTree = "<group>"; };
		35CBB7EE24F7DC3900BD0F14 /* RecognitionViewController.swift */ = {isa = PBXFileReference; lastKnownFileType = sourcecode.swift; path = RecognitionViewController.swift; sourceTree = "<group>"; };
		35CBB7F024F7F17700BD0F14 /* EggGroupList.swift */ = {isa = PBXFileReference; lastKnownFileType = sourcecode.swift; path = EggGroupList.swift; sourceTree = "<group>"; };
		35CBB7F224F7F1D600BD0F14 /* JSONResult.swift */ = {isa = PBXFileReference; lastKnownFileType = sourcecode.swift; path = JSONResult.swift; sourceTree = "<group>"; };
		35CBB7F424F7F20000BD0F14 /* EggGroup.swift */ = {isa = PBXFileReference; lastKnownFileType = sourcecode.swift; path = EggGroup.swift; sourceTree = "<group>"; };
		35CBB7F624F7F2F600BD0F14 /* EggGroupBank.swift */ = {isa = PBXFileReference; lastKnownFileType = sourcecode.swift; path = EggGroupBank.swift; sourceTree = "<group>"; };
		35CBB7FC24F861E000BD0F14 /* button.wav */ = {isa = PBXFileReference; lastKnownFileType = audio.wav; path = button.wav; sourceTree = "<group>"; };
		C19785D424F7FA8C00589B5E /* PersonObjectClassifier 1 copy.mlmodel */ = {isa = PBXFileReference; lastKnownFileType = file.mlmodel; path = "PersonObjectClassifier 1 copy.mlmodel"; sourceTree = "<group>"; };
/* End PBXFileReference section */

/* Begin PBXFrameworksBuildPhase section */
		35CBB7C324F74ACB00BD0F14 /* Frameworks */ = {
			isa = PBXFrameworksBuildPhase;
			buildActionMask = 2147483647;
			files = (
			);
			runOnlyForDeploymentPostprocessing = 0;
		};
/* End PBXFrameworksBuildPhase section */

/* Begin PBXGroup section */
		35CBB7BD24F74ACB00BD0F14 = {
			isa = PBXGroup;
			children = (
				35CBB7C824F74ACB00BD0F14 /* Lady Gaga's Pokemon Championship */,
				35CBB7C724F74ACB00BD0F14 /* Products */,
			);
			sourceTree = "<group>";
		};
		35CBB7C724F74ACB00BD0F14 /* Products */ = {
			isa = PBXGroup;
			children = (
				35CBB7C624F74ACB00BD0F14 /* Lady Gaga's Pokemon Championship.app */,
			);
			name = Products;
			sourceTree = "<group>";
		};
		35CBB7C824F74ACB00BD0F14 /* Lady Gaga's Pokemon Championship */ = {
			isa = PBXGroup;
			children = (
				35CBB7C924F74ACB00BD0F14 /* AppDelegate.swift */,
				35CBB7CB24F74ACB00BD0F14 /* SceneDelegate.swift */,
				35CBB7CD24F74ACB00BD0F14 /* VideoViewController.swift */,
				35CBB7E024F7595100BD0F14 /* Main.storyboard */,
				35CBB7E424F75E8900BD0F14 /* MenuViewController.swift */,
				35CBB7EE24F7DC3900BD0F14 /* RecognitionViewController.swift */,
				C19785D424F7FA8C00589B5E /* PersonObjectClassifier 1 copy.mlmodel */,
				35CBB7F824F7F31C00BD0F14 /* Classes */,
				35CBB7D224F74ACD00BD0F14 /* Assets.xcassets */,
				35CBB7DE24F7546000BD0F14 /* extra */,
				35CBB7D424F74ACD00BD0F14 /* LaunchScreen.storyboard */,
				35CBB7D724F74ACD00BD0F14 /* Info.plist */,
			);
			path = "Lady Gaga's Pokemon Championship";
			sourceTree = "<group>";
		};
		35CBB7DE24F7546000BD0F14 /* extra */ = {
			isa = PBXGroup;
			children = (
				35CBB7E624F7605200BD0F14 /* ladygaganba.mp4 */,
				35CBB7E224F75D0200BD0F14 /* applause.mp3 */,
				35CBB7FC24F861E000BD0F14 /* button.wav */,
				35CBB7E824F76B9D00BD0F14 /* Pixeboy.ttf */,
			);
			path = extra;
			sourceTree = "<group>";
		};
		35CBB7F824F7F31C00BD0F14 /* Classes */ = {
			isa = PBXGroup;
			children = (
				35CBB7F924F7F32D00BD0F14 /* JSON */,
				35CBB7F624F7F2F600BD0F14 /* EggGroupBank.swift */,
				35393F8B24FA99BA0040922E /* ImageClassification.swift */,
			);
			path = Classes;
			sourceTree = "<group>";
		};
		35CBB7F924F7F32D00BD0F14 /* JSON */ = {
			isa = PBXGroup;
			children = (
				35CBB7EA24F7D53C00BD0F14 /* PokemonList.swift */,
				35CBB7F224F7F1D600BD0F14 /* JSONResult.swift */,
				35CBB7F024F7F17700BD0F14 /* EggGroupList.swift */,
				35CBB7F424F7F20000BD0F14 /* EggGroup.swift */,
				35CBB7EC24F7D59D00BD0F14 /* Pokemon.swift */,
			);
			path = JSON;
			sourceTree = "<group>";
		};
/* End PBXGroup section */

/* Begin PBXNativeTarget section */
		35CBB7C524F74ACB00BD0F14 /* Lady Gaga's Pokemon Championship */ = {
			isa = PBXNativeTarget;
			buildConfigurationList = 35CBB7DA24F74ACD00BD0F14 /* Build configuration list for PBXNativeTarget "Lady Gaga's Pokemon Championship" */;
			buildPhases = (
				35CBB7C224F74ACB00BD0F14 /* Sources */,
				35CBB7C324F74ACB00BD0F14 /* Frameworks */,
				35CBB7C424F74ACB00BD0F14 /* Resources */,
			);
			buildRules = (
			);
			dependencies = (
			);
			name = "Lady Gaga's Pokemon Championship";
			productName = "Lady Gaga's Pokemon Championship";
			productReference = 35CBB7C624F74ACB00BD0F14 /* Lady Gaga's Pokemon Championship.app */;
			productType = "com.apple.product-type.application";
		};
/* End PBXNativeTarget section */

/* Begin PBXProject section */
		35CBB7BE24F74ACB00BD0F14 /* Project object */ = {
			isa = PBXProject;
			attributes = {
				LastSwiftUpdateCheck = 1160;
				LastUpgradeCheck = 1160;
				ORGANIZATIONNAME = "Samuel Brasileiro";
				TargetAttributes = {
					35CBB7C524F74ACB00BD0F14 = {
						CreatedOnToolsVersion = 11.6;
					};
				};
			};
			buildConfigurationList = 35CBB7C124F74ACB00BD0F14 /* Build configuration list for PBXProject "Lady Gaga's Pokemon Championship" */;
			compatibilityVersion = "Xcode 9.3";
			developmentRegion = en;
			hasScannedForEncodings = 0;
			knownRegions = (
				en,
				Base,
			);
			mainGroup = 35CBB7BD24F74ACB00BD0F14;
			productRefGroup = 35CBB7C724F74ACB00BD0F14 /* Products */;
			projectDirPath = "";
			projectRoot = "";
			targets = (
				35CBB7C524F74ACB00BD0F14 /* Lady Gaga's Pokemon Championship */,
			);
		};
/* End PBXProject section */

/* Begin PBXResourcesBuildPhase section */
		35CBB7C424F74ACB00BD0F14 /* Resources */ = {
			isa = PBXResourcesBuildPhase;
			buildActionMask = 2147483647;
			files = (
				35CBB7E724F7605C00BD0F14 /* ladygaganba.mp4 in Resources */,
				35CBB7D624F74ACD00BD0F14 /* LaunchScreen.storyboard in Resources */,
				35CBB7E324F75D0300BD0F14 /* applause.mp3 in Resources */,
				35CBB7D324F74ACD00BD0F14 /* Assets.xcassets in Resources */,
				35CBB7FD24F861E000BD0F14 /* button.wav in Resources */,
				35CBB7E124F7595100BD0F14 /* Main.storyboard in Resources */,
				35CBB7E924F76B9D00BD0F14 /* Pixeboy.ttf in Resources */,
			);
			runOnlyForDeploymentPostprocessing = 0;
		};
/* End PBXResourcesBuildPhase section */

/* Begin PBXSourcesBuildPhase section */
		35CBB7C224F74ACB00BD0F14 /* Sources */ = {
			isa = PBXSourcesBuildPhase;
			buildActionMask = 2147483647;
			files = (
				35CBB7F324F7F1D600BD0F14 /* JSONResult.swift in Sources */,
				35CBB7F524F7F20000BD0F14 /* EggGroup.swift in Sources */,
				35CBB7CE24F74ACB00BD0F14 /* VideoViewController.swift in Sources */,
				35CBB7F124F7F17700BD0F14 /* EggGroupList.swift in Sources */,
				35CBB7CA24F74ACB00BD0F14 /* AppDelegate.swift in Sources */,
				C19785D524F7FA8C00589B5E /* PersonObjectClassifier 1 copy.mlmodel in Sources */,
				35CBB7CC24F74ACB00BD0F14 /* SceneDelegate.swift in Sources */,
				35CBB7E524F75E8900BD0F14 /* MenuViewController.swift in Sources */,
				35393F8C24FA99BA0040922E /* ImageClassification.swift in Sources */,
				35CBB7F724F7F2F600BD0F14 /* EggGroupBank.swift in Sources */,
				35CBB7EF24F7DC3900BD0F14 /* RecognitionViewController.swift in Sources */,
				35CBB7EB24F7D53C00BD0F14 /* PokemonList.swift in Sources */,
				35CBB7ED24F7D59D00BD0F14 /* Pokemon.swift in Sources */,
			);
			runOnlyForDeploymentPostprocessing = 0;
		};
/* End PBXSourcesBuildPhase section */

/* Begin PBXVariantGroup section */
		35CBB7D424F74ACD00BD0F14 /* LaunchScreen.storyboard */ = {
			isa = PBXVariantGroup;
			children = (
				35CBB7D524F74ACD00BD0F14 /* Base */,
			);
			name = LaunchScreen.storyboard;
			sourceTree = "<group>";
		};
/* End PBXVariantGroup section */

/* Begin XCBuildConfiguration section */
		35CBB7D824F74ACD00BD0F14 /* Debug */ = {
			isa = XCBuildConfiguration;
			buildSettings = {
				ALWAYS_SEARCH_USER_PATHS = NO;
				CLANG_ANALYZER_NONNULL = YES;
				CLANG_ANALYZER_NUMBER_OBJECT_CONVERSION = YES_AGGRESSIVE;
				CLANG_CXX_LANGUAGE_STANDARD = "gnu++14";
				CLANG_CXX_LIBRARY = "libc++";
				CLANG_ENABLE_MODULES = YES;
				CLANG_ENABLE_OBJC_ARC = YES;
				CLANG_ENABLE_OBJC_WEAK = YES;
				CLANG_WARN_BLOCK_CAPTURE_AUTORELEASING = YES;
				CLANG_WARN_BOOL_CONVERSION = YES;
				CLANG_WARN_COMMA = YES;
				CLANG_WARN_CONSTANT_CONVERSION = YES;
				CLANG_WARN_DEPRECATED_OBJC_IMPLEMENTATIONS = YES;
				CLANG_WARN_DIRECT_OBJC_ISA_USAGE = YES_ERROR;
				CLANG_WARN_DOCUMENTATION_COMMENTS = YES;
				CLANG_WARN_EMPTY_BODY = YES;
				CLANG_WARN_ENUM_CONVERSION = YES;
				CLANG_WARN_INFINITE_RECURSION = YES;
				CLANG_WARN_INT_CONVERSION = YES;
				CLANG_WARN_NON_LITERAL_NULL_CONVERSION = YES;
				CLANG_WARN_OBJC_IMPLICIT_RETAIN_SELF = YES;
				CLANG_WARN_OBJC_LITERAL_CONVERSION = YES;
				CLANG_WARN_OBJC_ROOT_CLASS = YES_ERROR;
				CLANG_WARN_RANGE_LOOP_ANALYSIS = YES;
				CLANG_WARN_STRICT_PROTOTYPES = YES;
				CLANG_WARN_SUSPICIOUS_MOVE = YES;
				CLANG_WARN_UNGUARDED_AVAILABILITY = YES_AGGRESSIVE;
				CLANG_WARN_UNREACHABLE_CODE = YES;
				CLANG_WARN__DUPLICATE_METHOD_MATCH = YES;
				COPY_PHASE_STRIP = NO;
				DEBUG_INFORMATION_FORMAT = dwarf;
				ENABLE_STRICT_OBJC_MSGSEND = YES;
				ENABLE_TESTABILITY = YES;
				GCC_C_LANGUAGE_STANDARD = gnu11;
				GCC_DYNAMIC_NO_PIC = NO;
				GCC_NO_COMMON_BLOCKS = YES;
				GCC_OPTIMIZATION_LEVEL = 0;
				GCC_PREPROCESSOR_DEFINITIONS = (
					"DEBUG=1",
					"$(inherited)",
				);
				GCC_WARN_64_TO_32_BIT_CONVERSION = YES;
				GCC_WARN_ABOUT_RETURN_TYPE = YES_ERROR;
				GCC_WARN_UNDECLARED_SELECTOR = YES;
				GCC_WARN_UNINITIALIZED_AUTOS = YES_AGGRESSIVE;
				GCC_WARN_UNUSED_FUNCTION = YES;
				GCC_WARN_UNUSED_VARIABLE = YES;
				IPHONEOS_DEPLOYMENT_TARGET = 13.6;
				MTL_ENABLE_DEBUG_INFO = INCLUDE_SOURCE;
				MTL_FAST_MATH = YES;
				ONLY_ACTIVE_ARCH = YES;
				SDKROOT = iphoneos;
				SWIFT_ACTIVE_COMPILATION_CONDITIONS = DEBUG;
				SWIFT_OPTIMIZATION_LEVEL = "-Onone";
			};
			name = Debug;
		};
		35CBB7D924F74ACD00BD0F14 /* Release */ = {
			isa = XCBuildConfiguration;
			buildSettings = {
				ALWAYS_SEARCH_USER_PATHS = NO;
				CLANG_ANALYZER_NONNULL = YES;
				CLANG_ANALYZER_NUMBER_OBJECT_CONVERSION = YES_AGGRESSIVE;
				CLANG_CXX_LANGUAGE_STANDARD = "gnu++14";
				CLANG_CXX_LIBRARY = "libc++";
				CLANG_ENABLE_MODULES = YES;
				CLANG_ENABLE_OBJC_ARC = YES;
				CLANG_ENABLE_OBJC_WEAK = YES;
				CLANG_WARN_BLOCK_CAPTURE_AUTORELEASING = YES;
				CLANG_WARN_BOOL_CONVERSION = YES;
				CLANG_WARN_COMMA = YES;
				CLANG_WARN_CONSTANT_CONVERSION = YES;
				CLANG_WARN_DEPRECATED_OBJC_IMPLEMENTATIONS = YES;
				CLANG_WARN_DIRECT_OBJC_ISA_USAGE = YES_ERROR;
				CLANG_WARN_DOCUMENTATION_COMMENTS = YES;
				CLANG_WARN_EMPTY_BODY = YES;
				CLANG_WARN_ENUM_CONVERSION = YES;
				CLANG_WARN_INFINITE_RECURSION = YES;
				CLANG_WARN_INT_CONVERSION = YES;
				CLANG_WARN_NON_LITERAL_NULL_CONVERSION = YES;
				CLANG_WARN_OBJC_IMPLICIT_RETAIN_SELF = YES;
				CLANG_WARN_OBJC_LITERAL_CONVERSION = YES;
				CLANG_WARN_OBJC_ROOT_CLASS = YES_ERROR;
				CLANG_WARN_RANGE_LOOP_ANALYSIS = YES;
				CLANG_WARN_STRICT_PROTOTYPES = YES;
				CLANG_WARN_SUSPICIOUS_MOVE = YES;
				CLANG_WARN_UNGUARDED_AVAILABILITY = YES_AGGRESSIVE;
				CLANG_WARN_UNREACHABLE_CODE = YES;
				CLANG_WARN__DUPLICATE_METHOD_MATCH = YES;
				COPY_PHASE_STRIP = NO;
				DEBUG_INFORMATION_FORMAT = "dwarf-with-dsym";
				ENABLE_NS_ASSERTIONS = NO;
				ENABLE_STRICT_OBJC_MSGSEND = YES;
				GCC_C_LANGUAGE_STANDARD = gnu11;
				GCC_NO_COMMON_BLOCKS = YES;
				GCC_WARN_64_TO_32_BIT_CONVERSION = YES;
				GCC_WARN_ABOUT_RETURN_TYPE = YES_ERROR;
				GCC_WARN_UNDECLARED_SELECTOR = YES;
				GCC_WARN_UNINITIALIZED_AUTOS = YES_AGGRESSIVE;
				GCC_WARN_UNUSED_FUNCTION = YES;
				GCC_WARN_UNUSED_VARIABLE = YES;
				IPHONEOS_DEPLOYMENT_TARGET = 13.6;
				MTL_ENABLE_DEBUG_INFO = NO;
				MTL_FAST_MATH = YES;
				SDKROOT = iphoneos;
				SWIFT_COMPILATION_MODE = wholemodule;
				SWIFT_OPTIMIZATION_LEVEL = "-O";
				VALIDATE_PRODUCT = YES;
			};
			name = Release;
		};
		35CBB7DB24F74ACD00BD0F14 /* Debug */ = {
			isa = XCBuildConfiguration;
			buildSettings = {
				ASSETCATALOG_COMPILER_APPICON_NAME = AppIcon;
				CODE_SIGN_STYLE = Automatic;
				DEVELOPMENT_TEAM = P63952MS7L;
				INFOPLIST_FILE = "Lady Gaga's Pokemon Championship/Info.plist";
				LD_RUNPATH_SEARCH_PATHS = (
					"$(inherited)",
					"@executable_path/Frameworks",
				);
				PRODUCT_BUNDLE_IDENTIFIER = "samuel.Lady-Gaga-s-Pokemon-Championship";
				PRODUCT_NAME = "$(TARGET_NAME)";
				SWIFT_VERSION = 5.0;
				TARGETED_DEVICE_FAMILY = "1,2";
			};
			name = Debug;
		};
		35CBB7DC24F74ACD00BD0F14 /* Release */ = {
			isa = XCBuildConfiguration;
			buildSettings = {
				ASSETCATALOG_COMPILER_APPICON_NAME = AppIcon;
				CODE_SIGN_STYLE = Automatic;
				DEVELOPMENT_TEAM = P63952MS7L;
				INFOPLIST_FILE = "Lady Gaga's Pokemon Championship/Info.plist";
				LD_RUNPATH_SEARCH_PATHS = (
					"$(inherited)",
					"@executable_path/Frameworks",
				);
				PRODUCT_BUNDLE_IDENTIFIER = "samuel.Lady-Gaga-s-Pokemon-Championship";
				PRODUCT_NAME = "$(TARGET_NAME)";
				SWIFT_VERSION = 5.0;
				TARGETED_DEVICE_FAMILY = "1,2";
			};
			name = Release;
		};
/* End XCBuildConfiguration section */

/* Begin XCConfigurationList section */
		35CBB7C124F74ACB00BD0F14 /* Build configuration list for PBXProject "Lady Gaga's Pokemon Championship" */ = {
			isa = XCConfigurationList;
			buildConfigurations = (
				35CBB7D824F74ACD00BD0F14 /* Debug */,
				35CBB7D924F74ACD00BD0F14 /* Release */,
			);
			defaultConfigurationIsVisible = 0;
			defaultConfigurationName = Release;
		};
		35CBB7DA24F74ACD00BD0F14 /* Build configuration list for PBXNativeTarget "Lady Gaga's Pokemon Championship" */ = {
			isa = XCConfigurationList;
			buildConfigurations = (
				35CBB7DB24F74ACD00BD0F14 /* Debug */,
				35CBB7DC24F74ACD00BD0F14 /* Release */,
			);
			defaultConfigurationIsVisible = 0;
			defaultConfigurationName = Release;
		};
/* End XCConfigurationList section */
	};
	rootObject = 35CBB7BE24F74ACB00BD0F14 /* Project object */;
}
